// !$*UTF8*$!
{
	archiveVersion = 1;
	classes = {
	};
	objectVersion = 48;
	objects = {

/* Begin PBXBuildFile section */
		284DE58FCCC0D47AC8C28EBE /* Pods_DanceEventManager.framework in Frameworks */ = {isa = PBXBuildFile; fileRef = 27FE293E307365AEF1192A4A /* Pods_DanceEventManager.framework */; };
		50D4514915DE7E35815E48CE /* Pods_DanceEventManagerUITests.framework in Frameworks */ = {isa = PBXBuildFile; fileRef = 7C81C388AE9C25369ECBA9B8 /* Pods_DanceEventManagerUITests.framework */; };
		721F41E6765F6CD149EF6EF1 /* Pods_DanceEventManagerTests.framework in Frameworks */ = {isa = PBXBuildFile; fileRef = 19BC96A4D92FEA5A70A49317 /* Pods_DanceEventManagerTests.framework */; };
		92625B2A21C1EE9B0081E954 /* Teams.swift in Sources */ = {isa = PBXBuildFile; fileRef = 92625B2821C1EE9B0081E954 /* Teams.swift */; };
		92625B2B21C1EE9B0081E954 /* Users.swift in Sources */ = {isa = PBXBuildFile; fileRef = 92625B2921C1EE9B0081E954 /* Users.swift */; };
		92756EAD20D499D700251C1C /* AppDelegate.swift in Sources */ = {isa = PBXBuildFile; fileRef = 92756EAC20D499D700251C1C /* AppDelegate.swift */; };
		92756EB220D499D700251C1C /* Main.storyboard in Resources */ = {isa = PBXBuildFile; fileRef = 92756EB020D499D700251C1C /* Main.storyboard */; };
		92756EB520D499D700251C1C /* DanceEventManager.xcdatamodeld in Sources */ = {isa = PBXBuildFile; fileRef = 92756EB320D499D700251C1C /* DanceEventManager.xcdatamodeld */; };
		92756EB720D499D700251C1C /* Assets.xcassets in Resources */ = {isa = PBXBuildFile; fileRef = 92756EB620D499D700251C1C /* Assets.xcassets */; };
		92756EBA20D499D700251C1C /* LaunchScreen.storyboard in Resources */ = {isa = PBXBuildFile; fileRef = 92756EB820D499D700251C1C /* LaunchScreen.storyboard */; };
		92756EC520D499D700251C1C /* DanceEventManagerTests.swift in Sources */ = {isa = PBXBuildFile; fileRef = 92756EC420D499D700251C1C /* DanceEventManagerTests.swift */; };
		92756ED020D499D700251C1C /* DanceEventManagerUITests.swift in Sources */ = {isa = PBXBuildFile; fileRef = 92756ECF20D499D700251C1C /* DanceEventManagerUITests.swift */; };
		92898665218690B00062859A /* Events.swift in Sources */ = {isa = PBXBuildFile; fileRef = 92898664218690B00062859A /* Events.swift */; };
		92898666218690B00062859A /* Events.swift in Sources */ = {isa = PBXBuildFile; fileRef = 92898664218690B00062859A /* Events.swift */; };
		92898667218690B00062859A /* Events.swift in Sources */ = {isa = PBXBuildFile; fileRef = 92898664218690B00062859A /* Events.swift */; };
		9289E52F219002A50049696B /* TeamLoaderVC.swift in Sources */ = {isa = PBXBuildFile; fileRef = 9289E52E219002A50049696B /* TeamLoaderVC.swift */; };
		9289E530219002A50049696B /* TeamLoaderVC.swift in Sources */ = {isa = PBXBuildFile; fileRef = 9289E52E219002A50049696B /* TeamLoaderVC.swift */; };
		9289E531219002A50049696B /* TeamLoaderVC.swift in Sources */ = {isa = PBXBuildFile; fileRef = 9289E52E219002A50049696B /* TeamLoaderVC.swift */; };
		9290BAC4216F1CAD00EEB068 /* AuthService.swift in Sources */ = {isa = PBXBuildFile; fileRef = 9290BAC3216F1CAD00EEB068 /* AuthService.swift */; };
		9290BAC5216F1CAD00EEB068 /* AuthService.swift in Sources */ = {isa = PBXBuildFile; fileRef = 9290BAC3216F1CAD00EEB068 /* AuthService.swift */; };
		9290BAC6216F1CAD00EEB068 /* AuthService.swift in Sources */ = {isa = PBXBuildFile; fileRef = 9290BAC3216F1CAD00EEB068 /* AuthService.swift */; };
		9290BAC82171210200EEB068 /* EventsService.swift in Sources */ = {isa = PBXBuildFile; fileRef = 9290BAC72171210200EEB068 /* EventsService.swift */; };
		9290BAC92171210200EEB068 /* EventsService.swift in Sources */ = {isa = PBXBuildFile; fileRef = 9290BAC72171210200EEB068 /* EventsService.swift */; };
		9290BACA2171210200EEB068 /* EventsService.swift in Sources */ = {isa = PBXBuildFile; fileRef = 9290BAC72171210200EEB068 /* EventsService.swift */; };
		9290BACD2172C5A300EEB068 /* StorageManager.swift in Sources */ = {isa = PBXBuildFile; fileRef = 9290BACC2172C5A300EEB068 /* StorageManager.swift */; };
		9290BACE2172C5A300EEB068 /* StorageManager.swift in Sources */ = {isa = PBXBuildFile; fileRef = 9290BACC2172C5A300EEB068 /* StorageManager.swift */; };
		9290BACF2172C5A300EEB068 /* StorageManager.swift in Sources */ = {isa = PBXBuildFile; fileRef = 9290BACC2172C5A300EEB068 /* StorageManager.swift */; };
		9290BAD12172C70D00EEB068 /* EventStorageManager.swift in Sources */ = {isa = PBXBuildFile; fileRef = 9290BAD02172C70D00EEB068 /* EventStorageManager.swift */; };
		9290BAD22172C70D00EEB068 /* EventStorageManager.swift in Sources */ = {isa = PBXBuildFile; fileRef = 9290BAD02172C70D00EEB068 /* EventStorageManager.swift */; };
		9290BAD32172C70D00EEB068 /* EventStorageManager.swift in Sources */ = {isa = PBXBuildFile; fileRef = 9290BAD02172C70D00EEB068 /* EventStorageManager.swift */; };
		92AA43A4213B1BA50048C690 /* Constants.swift in Sources */ = {isa = PBXBuildFile; fileRef = 92AA43A3213B1BA50048C690 /* Constants.swift */; };
		92AA43A5213B1BA50048C690 /* Constants.swift in Sources */ = {isa = PBXBuildFile; fileRef = 92AA43A3213B1BA50048C690 /* Constants.swift */; };
		92AA43A6213B1BA50048C690 /* Constants.swift in Sources */ = {isa = PBXBuildFile; fileRef = 92AA43A3213B1BA50048C690 /* Constants.swift */; };
		92AA43AA213B1F7D0048C690 /* AppletView.xib in Resources */ = {isa = PBXBuildFile; fileRef = 92AA43A9213B1F7D0048C690 /* AppletView.xib */; };
		92AA43AD213B23EB0048C690 /* EventLoaderVC.swift in Sources */ = {isa = PBXBuildFile; fileRef = 92AA43AB213B23EB0048C690 /* EventLoaderVC.swift */; };
		92AA43AE213B23EB0048C690 /* EventLoaderVC.swift in Sources */ = {isa = PBXBuildFile; fileRef = 92AA43AB213B23EB0048C690 /* EventLoaderVC.swift */; };
		92AA43AF213B23EB0048C690 /* EventLoaderVC.swift in Sources */ = {isa = PBXBuildFile; fileRef = 92AA43AB213B23EB0048C690 /* EventLoaderVC.swift */; };
		92AA43B4213B26A00048C690 /* UITextField+Custom.swift in Sources */ = {isa = PBXBuildFile; fileRef = 92AA43B3213B26A00048C690 /* UITextField+Custom.swift */; };
		92AA43B6213B27210048C690 /* CustomPickerView.swift in Sources */ = {isa = PBXBuildFile; fileRef = 92AA43B5213B27210048C690 /* CustomPickerView.swift */; };
		92AA43B7213B27210048C690 /* CustomPickerView.swift in Sources */ = {isa = PBXBuildFile; fileRef = 92AA43B5213B27210048C690 /* CustomPickerView.swift */; };
		92AA43B8213B27210048C690 /* CustomPickerView.swift in Sources */ = {isa = PBXBuildFile; fileRef = 92AA43B5213B27210048C690 /* CustomPickerView.swift */; };
		92AA43BA213DBAC40048C690 /* AppletView.swift in Sources */ = {isa = PBXBuildFile; fileRef = 92AA43B9213DBAC40048C690 /* AppletView.swift */; };
		92AA43BB213DBAC40048C690 /* AppletView.swift in Sources */ = {isa = PBXBuildFile; fileRef = 92AA43B9213DBAC40048C690 /* AppletView.swift */; };
		92AA43BC213DBAC40048C690 /* AppletView.swift in Sources */ = {isa = PBXBuildFile; fileRef = 92AA43B9213DBAC40048C690 /* AppletView.swift */; };
		92AE82ED216F0057006F0458 /* awsconfiguration.json in Resources */ = {isa = PBXBuildFile; fileRef = 92AE82E9216F0057006F0458 /* awsconfiguration.json */; };
		92AE82EE216F0057006F0458 /* awsconfiguration.json in Resources */ = {isa = PBXBuildFile; fileRef = 92AE82E9216F0057006F0458 /* awsconfiguration.json */; };
		92AE82EF216F0057006F0458 /* awsconfiguration.json in Resources */ = {isa = PBXBuildFile; fileRef = 92AE82E9216F0057006F0458 /* awsconfiguration.json */; };
		92CCE90121AA505F0067D06E /* UITableView+Custom.swift in Sources */ = {isa = PBXBuildFile; fileRef = 92CCE90021AA505F0067D06E /* UITableView+Custom.swift */; };
		92CCE90221AA505F0067D06E /* UITableView+Custom.swift in Sources */ = {isa = PBXBuildFile; fileRef = 92CCE90021AA505F0067D06E /* UITableView+Custom.swift */; };
		92CCE90321AA505F0067D06E /* UITableView+Custom.swift in Sources */ = {isa = PBXBuildFile; fileRef = 92CCE90021AA505F0067D06E /* UITableView+Custom.swift */; };
		92E3340A213B074B009D0D62 /* AppDelegate.swift in Sources */ = {isa = PBXBuildFile; fileRef = 92756EAC20D499D700251C1C /* AppDelegate.swift */; };
		92E3340B213B074B009D0D62 /* AppDelegate.swift in Sources */ = {isa = PBXBuildFile; fileRef = 92756EAC20D499D700251C1C /* AppDelegate.swift */; };
		92E603C020E9ECF700DB0E68 /* VMScheduleGridViewController.swift in Sources */ = {isa = PBXBuildFile; fileRef = 92E603BF20E9ECF700DB0E68 /* VMScheduleGridViewController.swift */; };
		92E603C120E9ECF700DB0E68 /* VMScheduleGridViewController.swift in Sources */ = {isa = PBXBuildFile; fileRef = 92E603BF20E9ECF700DB0E68 /* VMScheduleGridViewController.swift */; };
		92E603C220E9ECF700DB0E68 /* VMScheduleGridViewController.swift in Sources */ = {isa = PBXBuildFile; fileRef = 92E603BF20E9ECF700DB0E68 /* VMScheduleGridViewController.swift */; };
		92E603C320E9EDFA00DB0E68 /* Main.storyboard in Resources */ = {isa = PBXBuildFile; fileRef = 92756EB020D499D700251C1C /* Main.storyboard */; };
		92E603C420E9EDFB00DB0E68 /* Main.storyboard in Resources */ = {isa = PBXBuildFile; fileRef = 92756EB020D499D700251C1C /* Main.storyboard */; };
		92E603E820EB2BCB00DB0E68 /* VMScheduleGridTableViewCell.swift in Sources */ = {isa = PBXBuildFile; fileRef = 92E603E720EB2BCB00DB0E68 /* VMScheduleGridTableViewCell.swift */; };
		92E603E920EB2BCB00DB0E68 /* VMScheduleGridTableViewCell.swift in Sources */ = {isa = PBXBuildFile; fileRef = 92E603E720EB2BCB00DB0E68 /* VMScheduleGridTableViewCell.swift */; };
		92E603EA20EB2BCB00DB0E68 /* VMScheduleGridTableViewCell.swift in Sources */ = {isa = PBXBuildFile; fileRef = 92E603E720EB2BCB00DB0E68 /* VMScheduleGridTableViewCell.swift */; };
		92ED6D8720DDDE0D00BA4E1B /* VMScheduleVC.swift in Sources */ = {isa = PBXBuildFile; fileRef = 92ED6D8620DDDE0D00BA4E1B /* VMScheduleVC.swift */; };
		92ED6D8820DDDE0D00BA4E1B /* VMScheduleVC.swift in Sources */ = {isa = PBXBuildFile; fileRef = 92ED6D8620DDDE0D00BA4E1B /* VMScheduleVC.swift */; };
		92ED6D8920DDDE0D00BA4E1B /* VMScheduleVC.swift in Sources */ = {isa = PBXBuildFile; fileRef = 92ED6D8620DDDE0D00BA4E1B /* VMScheduleVC.swift */; };
/* End PBXBuildFile section */

/* Begin PBXContainerItemProxy section */
		92756EC120D499D700251C1C /* PBXContainerItemProxy */ = {
			isa = PBXContainerItemProxy;
			containerPortal = 92756EA120D499D700251C1C /* Project object */;
			proxyType = 1;
			remoteGlobalIDString = 92756EA820D499D700251C1C;
			remoteInfo = DanceEventManager;
		};
		92756ECC20D499D700251C1C /* PBXContainerItemProxy */ = {
			isa = PBXContainerItemProxy;
			containerPortal = 92756EA120D499D700251C1C /* Project object */;
			proxyType = 1;
			remoteGlobalIDString = 92756EA820D499D700251C1C;
			remoteInfo = DanceEventManager;
		};
/* End PBXContainerItemProxy section */

/* Begin PBXFileReference section */
		19BC96A4D92FEA5A70A49317 /* Pods_DanceEventManagerTests.framework */ = {isa = PBXFileReference; explicitFileType = wrapper.framework; includeInIndex = 0; path = Pods_DanceEventManagerTests.framework; sourceTree = BUILT_PRODUCTS_DIR; };
		1E05601B0FFB0EBCDB4B9C37 /* Pods-DanceEventManagerTests.release.xcconfig */ = {isa = PBXFileReference; includeInIndex = 1; lastKnownFileType = text.xcconfig; name = "Pods-DanceEventManagerTests.release.xcconfig"; path = "Pods/Target Support Files/Pods-DanceEventManagerTests/Pods-DanceEventManagerTests.release.xcconfig"; sourceTree = "<group>"; };
		27FE293E307365AEF1192A4A /* Pods_DanceEventManager.framework */ = {isa = PBXFileReference; explicitFileType = wrapper.framework; includeInIndex = 0; path = Pods_DanceEventManager.framework; sourceTree = BUILT_PRODUCTS_DIR; };
		73060E4A00822CF306050EEE /* Pods-DanceEventManager.debug.xcconfig */ = {isa = PBXFileReference; includeInIndex = 1; lastKnownFileType = text.xcconfig; name = "Pods-DanceEventManager.debug.xcconfig"; path = "Pods/Target Support Files/Pods-DanceEventManager/Pods-DanceEventManager.debug.xcconfig"; sourceTree = "<group>"; };
		76219BEF548FAC849F0034C1 /* Pods-DanceEventManagerUITests.debug.xcconfig */ = {isa = PBXFileReference; includeInIndex = 1; lastKnownFileType = text.xcconfig; name = "Pods-DanceEventManagerUITests.debug.xcconfig"; path = "Pods/Target Support Files/Pods-DanceEventManagerUITests/Pods-DanceEventManagerUITests.debug.xcconfig"; sourceTree = "<group>"; };
		7C81C388AE9C25369ECBA9B8 /* Pods_DanceEventManagerUITests.framework */ = {isa = PBXFileReference; explicitFileType = wrapper.framework; includeInIndex = 0; path = Pods_DanceEventManagerUITests.framework; sourceTree = BUILT_PRODUCTS_DIR; };
		7F0F6A31C57BB4F3061E030B /* Pods-DanceEventManager.release.xcconfig */ = {isa = PBXFileReference; includeInIndex = 1; lastKnownFileType = text.xcconfig; name = "Pods-DanceEventManager.release.xcconfig"; path = "Pods/Target Support Files/Pods-DanceEventManager/Pods-DanceEventManager.release.xcconfig"; sourceTree = "<group>"; };
		92625B2821C1EE9B0081E954 /* Teams.swift */ = {isa = PBXFileReference; fileEncoding = 4; lastKnownFileType = sourcecode.swift; path = Teams.swift; sourceTree = "<group>"; };
		92625B2921C1EE9B0081E954 /* Users.swift */ = {isa = PBXFileReference; fileEncoding = 4; lastKnownFileType = sourcecode.swift; path = Users.swift; sourceTree = "<group>"; };
		92756EA920D499D700251C1C /* DanceEventManager.app */ = {isa = PBXFileReference; explicitFileType = wrapper.application; includeInIndex = 0; path = DanceEventManager.app; sourceTree = BUILT_PRODUCTS_DIR; };
		92756EAC20D499D700251C1C /* AppDelegate.swift */ = {isa = PBXFileReference; lastKnownFileType = sourcecode.swift; path = AppDelegate.swift; sourceTree = "<group>"; };
		92756EB120D499D700251C1C /* Base */ = {isa = PBXFileReference; lastKnownFileType = file.storyboard; name = Base; path = Base.lproj/Main.storyboard; sourceTree = "<group>"; };
		92756EB420D499D700251C1C /* DanceEventManager.xcdatamodel */ = {isa = PBXFileReference; lastKnownFileType = wrapper.xcdatamodel; path = DanceEventManager.xcdatamodel; sourceTree = "<group>"; };
		92756EB620D499D700251C1C /* Assets.xcassets */ = {isa = PBXFileReference; lastKnownFileType = folder.assetcatalog; path = Assets.xcassets; sourceTree = "<group>"; };
		92756EB920D499D700251C1C /* Base */ = {isa = PBXFileReference; lastKnownFileType = file.storyboard; name = Base; path = Base.lproj/LaunchScreen.storyboard; sourceTree = "<group>"; };
		92756EBB20D499D700251C1C /* Info.plist */ = {isa = PBXFileReference; lastKnownFileType = text.plist.xml; path = Info.plist; sourceTree = "<group>"; };
		92756EC020D499D700251C1C /* DanceEventManagerTests.xctest */ = {isa = PBXFileReference; explicitFileType = wrapper.cfbundle; includeInIndex = 0; path = DanceEventManagerTests.xctest; sourceTree = BUILT_PRODUCTS_DIR; };
		92756EC420D499D700251C1C /* DanceEventManagerTests.swift */ = {isa = PBXFileReference; lastKnownFileType = sourcecode.swift; path = DanceEventManagerTests.swift; sourceTree = "<group>"; };
		92756EC620D499D700251C1C /* Info.plist */ = {isa = PBXFileReference; lastKnownFileType = text.plist.xml; path = Info.plist; sourceTree = "<group>"; };
		92756ECB20D499D700251C1C /* DanceEventManagerUITests.xctest */ = {isa = PBXFileReference; explicitFileType = wrapper.cfbundle; includeInIndex = 0; path = DanceEventManagerUITests.xctest; sourceTree = BUILT_PRODUCTS_DIR; };
		92756ECF20D499D700251C1C /* DanceEventManagerUITests.swift */ = {isa = PBXFileReference; lastKnownFileType = sourcecode.swift; path = DanceEventManagerUITests.swift; sourceTree = "<group>"; };
		92756ED120D499D700251C1C /* Info.plist */ = {isa = PBXFileReference; lastKnownFileType = text.plist.xml; path = Info.plist; sourceTree = "<group>"; };
		92898664218690B00062859A /* Events.swift */ = {isa = PBXFileReference; fileEncoding = 4; lastKnownFileType = sourcecode.swift; path = Events.swift; sourceTree = "<group>"; };
		9289E52E219002A50049696B /* TeamLoaderVC.swift */ = {isa = PBXFileReference; lastKnownFileType = sourcecode.swift; path = TeamLoaderVC.swift; sourceTree = "<group>"; };
		9290BAC3216F1CAD00EEB068 /* AuthService.swift */ = {isa = PBXFileReference; lastKnownFileType = sourcecode.swift; path = AuthService.swift; sourceTree = "<group>"; };
		9290BAC72171210200EEB068 /* EventsService.swift */ = {isa = PBXFileReference; lastKnownFileType = sourcecode.swift; path = EventsService.swift; sourceTree = "<group>"; };
		9290BACC2172C5A300EEB068 /* StorageManager.swift */ = {isa = PBXFileReference; lastKnownFileType = sourcecode.swift; path = StorageManager.swift; sourceTree = "<group>"; };
		9290BAD02172C70D00EEB068 /* EventStorageManager.swift */ = {isa = PBXFileReference; lastKnownFileType = sourcecode.swift; path = EventStorageManager.swift; sourceTree = "<group>"; };
		92AA43A3213B1BA50048C690 /* Constants.swift */ = {isa = PBXFileReference; lastKnownFileType = sourcecode.swift; path = Constants.swift; sourceTree = "<group>"; };
		92AA43A9213B1F7D0048C690 /* AppletView.xib */ = {isa = PBXFileReference; lastKnownFileType = file.xib; path = AppletView.xib; sourceTree = "<group>"; };
		92AA43AB213B23EB0048C690 /* EventLoaderVC.swift */ = {isa = PBXFileReference; lastKnownFileType = sourcecode.swift; path = EventLoaderVC.swift; sourceTree = "<group>"; };
		92AA43B3213B26A00048C690 /* UITextField+Custom.swift */ = {isa = PBXFileReference; lastKnownFileType = sourcecode.swift; path = "UITextField+Custom.swift"; sourceTree = "<group>"; };
		92AA43B5213B27210048C690 /* CustomPickerView.swift */ = {isa = PBXFileReference; lastKnownFileType = sourcecode.swift; path = CustomPickerView.swift; sourceTree = "<group>"; };
		92AA43B9213DBAC40048C690 /* AppletView.swift */ = {isa = PBXFileReference; lastKnownFileType = sourcecode.swift; path = AppletView.swift; sourceTree = "<group>"; };
		92AE82E9216F0057006F0458 /* awsconfiguration.json */ = {isa = PBXFileReference; fileEncoding = 4; lastKnownFileType = text.json; path = awsconfiguration.json; sourceTree = "<group>"; };
		92B8AD1797E5E25F6BE810EB /* Pods-DanceEventManagerTests.debug.xcconfig */ = {isa = PBXFileReference; includeInIndex = 1; lastKnownFileType = text.xcconfig; name = "Pods-DanceEventManagerTests.debug.xcconfig"; path = "Pods/Target Support Files/Pods-DanceEventManagerTests/Pods-DanceEventManagerTests.debug.xcconfig"; sourceTree = "<group>"; };
		92CCE90021AA505F0067D06E /* UITableView+Custom.swift */ = {isa = PBXFileReference; lastKnownFileType = sourcecode.swift; path = "UITableView+Custom.swift"; sourceTree = "<group>"; };
		92E603BF20E9ECF700DB0E68 /* VMScheduleGridViewController.swift */ = {isa = PBXFileReference; lastKnownFileType = sourcecode.swift; path = VMScheduleGridViewController.swift; sourceTree = "<group>"; };
		92E603E720EB2BCB00DB0E68 /* VMScheduleGridTableViewCell.swift */ = {isa = PBXFileReference; lastKnownFileType = sourcecode.swift; path = VMScheduleGridTableViewCell.swift; sourceTree = "<group>"; };
		92ED6D8620DDDE0D00BA4E1B /* VMScheduleVC.swift */ = {isa = PBXFileReference; lastKnownFileType = sourcecode.swift; path = VMScheduleVC.swift; sourceTree = "<group>"; };
		C3EF5C35290EA2CD79F7B903 /* Pods-DanceEventManagerUITests.release.xcconfig */ = {isa = PBXFileReference; includeInIndex = 1; lastKnownFileType = text.xcconfig; name = "Pods-DanceEventManagerUITests.release.xcconfig"; path = "Pods/Target Support Files/Pods-DanceEventManagerUITests/Pods-DanceEventManagerUITests.release.xcconfig"; sourceTree = "<group>"; };
/* End PBXFileReference section */

/* Begin PBXFrameworksBuildPhase section */
		92756EA620D499D700251C1C /* Frameworks */ = {
			isa = PBXFrameworksBuildPhase;
			buildActionMask = 2147483647;
			files = (
				284DE58FCCC0D47AC8C28EBE /* Pods_DanceEventManager.framework in Frameworks */,
			);
			runOnlyForDeploymentPostprocessing = 0;
		};
		92756EBD20D499D700251C1C /* Frameworks */ = {
			isa = PBXFrameworksBuildPhase;
			buildActionMask = 2147483647;
			files = (
				721F41E6765F6CD149EF6EF1 /* Pods_DanceEventManagerTests.framework in Frameworks */,
			);
			runOnlyForDeploymentPostprocessing = 0;
		};
		92756EC820D499D700251C1C /* Frameworks */ = {
			isa = PBXFrameworksBuildPhase;
			buildActionMask = 2147483647;
			files = (
				50D4514915DE7E35815E48CE /* Pods_DanceEventManagerUITests.framework in Frameworks */,
			);
			runOnlyForDeploymentPostprocessing = 0;
		};
/* End PBXFrameworksBuildPhase section */

/* Begin PBXGroup section */
		48ADF77D357800B50F35CAFB /* Pods */ = {
			isa = PBXGroup;
			children = (
				73060E4A00822CF306050EEE /* Pods-DanceEventManager.debug.xcconfig */,
				7F0F6A31C57BB4F3061E030B /* Pods-DanceEventManager.release.xcconfig */,
				92B8AD1797E5E25F6BE810EB /* Pods-DanceEventManagerTests.debug.xcconfig */,
				1E05601B0FFB0EBCDB4B9C37 /* Pods-DanceEventManagerTests.release.xcconfig */,
				76219BEF548FAC849F0034C1 /* Pods-DanceEventManagerUITests.debug.xcconfig */,
				C3EF5C35290EA2CD79F7B903 /* Pods-DanceEventManagerUITests.release.xcconfig */,
			);
			name = Pods;
			sourceTree = "<group>";
		};
		7AA59A31EFCBE7D175F79E19 /* Frameworks */ = {
			isa = PBXGroup;
			children = (
				27FE293E307365AEF1192A4A /* Pods_DanceEventManager.framework */,
				19BC96A4D92FEA5A70A49317 /* Pods_DanceEventManagerTests.framework */,
				7C81C388AE9C25369ECBA9B8 /* Pods_DanceEventManagerUITests.framework */,
			);
			name = Frameworks;
			sourceTree = "<group>";
		};
		92756EA020D499D700251C1C = {
			isa = PBXGroup;
			children = (
				92756EAB20D499D700251C1C /* DanceEventManager */,
				92756EC320D499D700251C1C /* DanceEventManagerTests */,
				92756ECE20D499D700251C1C /* DanceEventManagerUITests */,
				92756EAA20D499D700251C1C /* Products */,
				48ADF77D357800B50F35CAFB /* Pods */,
				7AA59A31EFCBE7D175F79E19 /* Frameworks */,
			);
			sourceTree = "<group>";
		};
		92756EAA20D499D700251C1C /* Products */ = {
			isa = PBXGroup;
			children = (
				92756EA920D499D700251C1C /* DanceEventManager.app */,
				92756EC020D499D700251C1C /* DanceEventManagerTests.xctest */,
				92756ECB20D499D700251C1C /* DanceEventManagerUITests.xctest */,
			);
			name = Products;
			sourceTree = "<group>";
		};
		92756EAB20D499D700251C1C /* DanceEventManager */ = {
			isa = PBXGroup;
			children = (
				9290BACB2172C56900EEB068 /* Storage Layer */,
				9290BAC2216F1C7900EEB068 /* Service Layer */,
				92AE82E9216F0057006F0458 /* awsconfiguration.json */,
				92AE82DF216A9FCD006F0458 /* Model Objects */,
				92756EAC20D499D700251C1C /* AppDelegate.swift */,
				92756EE020D49AC700251C1C /* Core Data */,
				92AA43A2213B1B6F0048C690 /* Helper Classes */,
				92756EDF20D49AB800251C1C /* Resources */,
				92756EDE20D49AA400251C1C /* Storyboards and Nibs */,
				92756EDD20D49A8E00251C1C /* View Controllers */,
				92E603E620EB2B1D00DB0E68 /* Views */,
			);
			path = DanceEventManager;
			sourceTree = "<group>";
		};
		92756EC320D499D700251C1C /* DanceEventManagerTests */ = {
			isa = PBXGroup;
			children = (
				92756EC420D499D700251C1C /* DanceEventManagerTests.swift */,
				92756EC620D499D700251C1C /* Info.plist */,
			);
			path = DanceEventManagerTests;
			sourceTree = "<group>";
		};
		92756ECE20D499D700251C1C /* DanceEventManagerUITests */ = {
			isa = PBXGroup;
			children = (
				92756ECF20D499D700251C1C /* DanceEventManagerUITests.swift */,
				92756ED120D499D700251C1C /* Info.plist */,
			);
			path = DanceEventManagerUITests;
			sourceTree = "<group>";
		};
		92756EDD20D49A8E00251C1C /* View Controllers */ = {
			isa = PBXGroup;
			children = (
				92AA43B9213DBAC40048C690 /* AppletView.swift */,
				92AA43AB213B23EB0048C690 /* EventLoaderVC.swift */,
				9289E52E219002A50049696B /* TeamLoaderVC.swift */,
				92E603BF20E9ECF700DB0E68 /* VMScheduleGridViewController.swift */,
				92ED6D8620DDDE0D00BA4E1B /* VMScheduleVC.swift */,
			);
			path = "View Controllers";
			sourceTree = "<group>";
		};
		92756EDE20D49AA400251C1C /* Storyboards and Nibs */ = {
			isa = PBXGroup;
			children = (
				92AA43A9213B1F7D0048C690 /* AppletView.xib */,
				92756EB820D499D700251C1C /* LaunchScreen.storyboard */,
				92756EB020D499D700251C1C /* Main.storyboard */,
			);
			path = "Storyboards and Nibs";
			sourceTree = "<group>";
		};
		92756EDF20D49AB800251C1C /* Resources */ = {
			isa = PBXGroup;
			children = (
				92756EB620D499D700251C1C /* Assets.xcassets */,
				92756EBB20D499D700251C1C /* Info.plist */,
			);
			path = Resources;
			sourceTree = "<group>";
		};
		92756EE020D49AC700251C1C /* Core Data */ = {
			isa = PBXGroup;
			children = (
				92756EB320D499D700251C1C /* DanceEventManager.xcdatamodeld */,
			);
			path = "Core Data";
			sourceTree = "<group>";
		};
		9290BAC2216F1C7900EEB068 /* Service Layer */ = {
			isa = PBXGroup;
			children = (
				9290BAC3216F1CAD00EEB068 /* AuthService.swift */,
				9290BAC72171210200EEB068 /* EventsService.swift */,
			);
			path = "Service Layer";
			sourceTree = "<group>";
		};
		9290BACB2172C56900EEB068 /* Storage Layer */ = {
			isa = PBXGroup;
			children = (
				9290BACC2172C5A300EEB068 /* StorageManager.swift */,
				9290BAD02172C70D00EEB068 /* EventStorageManager.swift */,
			);
			path = "Storage Layer";
			sourceTree = "<group>";
		};
		92AA43A2213B1B6F0048C690 /* Helper Classes */ = {
			isa = PBXGroup;
			children = (
				92AA43A3213B1BA50048C690 /* Constants.swift */,
				92AA43B3213B26A00048C690 /* UITextField+Custom.swift */,
				92CCE90021AA505F0067D06E /* UITableView+Custom.swift */,
			);
			path = "Helper Classes";
			sourceTree = "<group>";
		};
		92AE82DF216A9FCD006F0458 /* Model Objects */ = {
			isa = PBXGroup;
			children = (
				92625B2821C1EE9B0081E954 /* Teams.swift */,
				92625B2921C1EE9B0081E954 /* Users.swift */,
				92898664218690B00062859A /* Events.swift */,
			);
			path = "Model Objects";
			sourceTree = "<group>";
		};
		92E603E620EB2B1D00DB0E68 /* Views */ = {
			isa = PBXGroup;
			children = (
				92E603E720EB2BCB00DB0E68 /* VMScheduleGridTableViewCell.swift */,
				92AA43B5213B27210048C690 /* CustomPickerView.swift */,
			);
			path = Views;
			sourceTree = "<group>";
		};
/* End PBXGroup section */

/* Begin PBXNativeTarget section */
		92756EA820D499D700251C1C /* DanceEventManager */ = {
			isa = PBXNativeTarget;
			buildConfigurationList = 92756ED420D499D700251C1C /* Build configuration list for PBXNativeTarget "DanceEventManager" */;
			buildPhases = (
				D26586CFD043739CEE62480B /* [CP] Check Pods Manifest.lock */,
				92756EA520D499D700251C1C /* Sources */,
				92756EA620D499D700251C1C /* Frameworks */,
				92756EA720D499D700251C1C /* Resources */,
				DFF4D356CA660F4CC704A2F1 /* [CP] Embed Pods Frameworks */,
			);
			buildRules = (
			);
			dependencies = (
			);
			name = DanceEventManager;
			productName = DanceEventManager;
			productReference = 92756EA920D499D700251C1C /* DanceEventManager.app */;
			productType = "com.apple.product-type.application";
		};
		92756EBF20D499D700251C1C /* DanceEventManagerTests */ = {
			isa = PBXNativeTarget;
			buildConfigurationList = 92756ED720D499D700251C1C /* Build configuration list for PBXNativeTarget "DanceEventManagerTests" */;
			buildPhases = (
				A6FE0BA264B73E2093C4ABCE /* [CP] Check Pods Manifest.lock */,
				92756EBC20D499D700251C1C /* Sources */,
				92756EBD20D499D700251C1C /* Frameworks */,
				92756EBE20D499D700251C1C /* Resources */,
			);
			buildRules = (
			);
			dependencies = (
				92756EC220D499D700251C1C /* PBXTargetDependency */,
			);
			name = DanceEventManagerTests;
			productName = DanceEventManagerTests;
			productReference = 92756EC020D499D700251C1C /* DanceEventManagerTests.xctest */;
			productType = "com.apple.product-type.bundle.unit-test";
		};
		92756ECA20D499D700251C1C /* DanceEventManagerUITests */ = {
			isa = PBXNativeTarget;
			buildConfigurationList = 92756EDA20D499D700251C1C /* Build configuration list for PBXNativeTarget "DanceEventManagerUITests" */;
			buildPhases = (
				5BBE0A478224C29A859EDFE2 /* [CP] Check Pods Manifest.lock */,
				92756EC720D499D700251C1C /* Sources */,
				92756EC820D499D700251C1C /* Frameworks */,
				92756EC920D499D700251C1C /* Resources */,
			);
			buildRules = (
			);
			dependencies = (
				92756ECD20D499D700251C1C /* PBXTargetDependency */,
			);
			name = DanceEventManagerUITests;
			productName = DanceEventManagerUITests;
			productReference = 92756ECB20D499D700251C1C /* DanceEventManagerUITests.xctest */;
			productType = "com.apple.product-type.bundle.ui-testing";
		};
/* End PBXNativeTarget section */

/* Begin PBXProject section */
		92756EA120D499D700251C1C /* Project object */ = {
			isa = PBXProject;
			attributes = {
				LastSwiftUpdateCheck = 0920;
				LastUpgradeCheck = 0920;
				ORGANIZATIONNAME = Swingaroo2;
				TargetAttributes = {
					92756EA820D499D700251C1C = {
						CreatedOnToolsVersion = 9.2;
						ProvisioningStyle = Automatic;
					};
					92756EBF20D499D700251C1C = {
						CreatedOnToolsVersion = 9.2;
						ProvisioningStyle = Automatic;
						TestTargetID = 92756EA820D499D700251C1C;
					};
					92756ECA20D499D700251C1C = {
						CreatedOnToolsVersion = 9.2;
						ProvisioningStyle = Automatic;
						TestTargetID = 92756EA820D499D700251C1C;
					};
				};
			};
			buildConfigurationList = 92756EA420D499D700251C1C /* Build configuration list for PBXProject "DanceEventManager" */;
			compatibilityVersion = "Xcode 8.0";
			developmentRegion = en;
			hasScannedForEncodings = 0;
			knownRegions = (
				en,
				Base,
			);
			mainGroup = 92756EA020D499D700251C1C;
			productRefGroup = 92756EAA20D499D700251C1C /* Products */;
			projectDirPath = "";
			projectRoot = "";
			targets = (
				92756EA820D499D700251C1C /* DanceEventManager */,
				92756EBF20D499D700251C1C /* DanceEventManagerTests */,
				92756ECA20D499D700251C1C /* DanceEventManagerUITests */,
			);
		};
/* End PBXProject section */

/* Begin PBXResourcesBuildPhase section */
		92756EA720D499D700251C1C /* Resources */ = {
			isa = PBXResourcesBuildPhase;
			buildActionMask = 2147483647;
			files = (
				92756EBA20D499D700251C1C /* LaunchScreen.storyboard in Resources */,
				92756EB720D499D700251C1C /* Assets.xcassets in Resources */,
				92AE82ED216F0057006F0458 /* awsconfiguration.json in Resources */,
				92756EB220D499D700251C1C /* Main.storyboard in Resources */,
				92AA43AA213B1F7D0048C690 /* AppletView.xib in Resources */,
			);
			runOnlyForDeploymentPostprocessing = 0;
		};
		92756EBE20D499D700251C1C /* Resources */ = {
			isa = PBXResourcesBuildPhase;
			buildActionMask = 2147483647;
			files = (
				92AE82EE216F0057006F0458 /* awsconfiguration.json in Resources */,
				92E603C320E9EDFA00DB0E68 /* Main.storyboard in Resources */,
			);
			runOnlyForDeploymentPostprocessing = 0;
		};
		92756EC920D499D700251C1C /* Resources */ = {
			isa = PBXResourcesBuildPhase;
			buildActionMask = 2147483647;
			files = (
				92AE82EF216F0057006F0458 /* awsconfiguration.json in Resources */,
				92E603C420E9EDFB00DB0E68 /* Main.storyboard in Resources */,
			);
			runOnlyForDeploymentPostprocessing = 0;
		};
/* End PBXResourcesBuildPhase section */

/* Begin PBXShellScriptBuildPhase section */
		5BBE0A478224C29A859EDFE2 /* [CP] Check Pods Manifest.lock */ = {
			isa = PBXShellScriptBuildPhase;
			buildActionMask = 2147483647;
			files = (
			);
			inputPaths = (
				"${PODS_PODFILE_DIR_PATH}/Podfile.lock",
				"${PODS_ROOT}/Manifest.lock",
			);
			name = "[CP] Check Pods Manifest.lock";
			outputPaths = (
				"$(DERIVED_FILE_DIR)/Pods-DanceEventManagerUITests-checkManifestLockResult.txt",
			);
			runOnlyForDeploymentPostprocessing = 0;
			shellPath = /bin/sh;
			shellScript = "diff \"${PODS_PODFILE_DIR_PATH}/Podfile.lock\" \"${PODS_ROOT}/Manifest.lock\" > /dev/null\nif [ $? != 0 ] ; then\n    # print error to STDERR\n    echo \"error: The sandbox is not in sync with the Podfile.lock. Run 'pod install' or update your CocoaPods installation.\" >&2\n    exit 1\nfi\n# This output is used by Xcode 'outputs' to avoid re-running this script phase.\necho \"SUCCESS\" > \"${SCRIPT_OUTPUT_FILE_0}\"\n";
			showEnvVarsInLog = 0;
		};
		A6FE0BA264B73E2093C4ABCE /* [CP] Check Pods Manifest.lock */ = {
			isa = PBXShellScriptBuildPhase;
			buildActionMask = 2147483647;
			files = (
			);
			inputPaths = (
				"${PODS_PODFILE_DIR_PATH}/Podfile.lock",
				"${PODS_ROOT}/Manifest.lock",
			);
			name = "[CP] Check Pods Manifest.lock";
			outputPaths = (
				"$(DERIVED_FILE_DIR)/Pods-DanceEventManagerTests-checkManifestLockResult.txt",
			);
			runOnlyForDeploymentPostprocessing = 0;
			shellPath = /bin/sh;
			shellScript = "diff \"${PODS_PODFILE_DIR_PATH}/Podfile.lock\" \"${PODS_ROOT}/Manifest.lock\" > /dev/null\nif [ $? != 0 ] ; then\n    # print error to STDERR\n    echo \"error: The sandbox is not in sync with the Podfile.lock. Run 'pod install' or update your CocoaPods installation.\" >&2\n    exit 1\nfi\n# This output is used by Xcode 'outputs' to avoid re-running this script phase.\necho \"SUCCESS\" > \"${SCRIPT_OUTPUT_FILE_0}\"\n";
			showEnvVarsInLog = 0;
		};
		D26586CFD043739CEE62480B /* [CP] Check Pods Manifest.lock */ = {
			isa = PBXShellScriptBuildPhase;
			buildActionMask = 2147483647;
			files = (
			);
			inputPaths = (
				"${PODS_PODFILE_DIR_PATH}/Podfile.lock",
				"${PODS_ROOT}/Manifest.lock",
			);
			name = "[CP] Check Pods Manifest.lock";
			outputPaths = (
				"$(DERIVED_FILE_DIR)/Pods-DanceEventManager-checkManifestLockResult.txt",
			);
			runOnlyForDeploymentPostprocessing = 0;
			shellPath = /bin/sh;
			shellScript = "diff \"${PODS_PODFILE_DIR_PATH}/Podfile.lock\" \"${PODS_ROOT}/Manifest.lock\" > /dev/null\nif [ $? != 0 ] ; then\n    # print error to STDERR\n    echo \"error: The sandbox is not in sync with the Podfile.lock. Run 'pod install' or update your CocoaPods installation.\" >&2\n    exit 1\nfi\n# This output is used by Xcode 'outputs' to avoid re-running this script phase.\necho \"SUCCESS\" > \"${SCRIPT_OUTPUT_FILE_0}\"\n";
			showEnvVarsInLog = 0;
		};
		DFF4D356CA660F4CC704A2F1 /* [CP] Embed Pods Frameworks */ = {
			isa = PBXShellScriptBuildPhase;
			buildActionMask = 2147483647;
			files = (
			);
			inputPaths = (
				"${SRCROOT}/Pods/Target Support Files/Pods-DanceEventManager/Pods-DanceEventManager-frameworks.sh",
				"${BUILT_PRODUCTS_DIR}/AWSAuthCore/AWSAuthCore.framework",
				"${BUILT_PRODUCTS_DIR}/AWSAuthUI/AWSAuthUI.framework",
				"${BUILT_PRODUCTS_DIR}/AWSCognitoIdentityProvider/AWSCognitoIdentityProvider.framework",
				"${BUILT_PRODUCTS_DIR}/AWSCognitoIdentityProviderASF/AWSCognitoIdentityProviderASF.framework",
				"${BUILT_PRODUCTS_DIR}/AWSCore/AWSCore.framework",
				"${BUILT_PRODUCTS_DIR}/AWSDynamoDB/AWSDynamoDB.framework",
				"${BUILT_PRODUCTS_DIR}/AWSMobileClient/AWSMobileClient.framework",
				"${BUILT_PRODUCTS_DIR}/AWSPinpoint/AWSPinpoint.framework",
				"${BUILT_PRODUCTS_DIR}/AWSUserPoolsSignIn/AWSUserPoolsSignIn.framework",
			);
			name = "[CP] Embed Pods Frameworks";
			outputPaths = (
				"${TARGET_BUILD_DIR}/${FRAMEWORKS_FOLDER_PATH}/AWSAuthCore.framework",
				"${TARGET_BUILD_DIR}/${FRAMEWORKS_FOLDER_PATH}/AWSAuthUI.framework",
				"${TARGET_BUILD_DIR}/${FRAMEWORKS_FOLDER_PATH}/AWSCognitoIdentityProvider.framework",
				"${TARGET_BUILD_DIR}/${FRAMEWORKS_FOLDER_PATH}/AWSCognitoIdentityProviderASF.framework",
				"${TARGET_BUILD_DIR}/${FRAMEWORKS_FOLDER_PATH}/AWSCore.framework",
				"${TARGET_BUILD_DIR}/${FRAMEWORKS_FOLDER_PATH}/AWSDynamoDB.framework",
				"${TARGET_BUILD_DIR}/${FRAMEWORKS_FOLDER_PATH}/AWSMobileClient.framework",
				"${TARGET_BUILD_DIR}/${FRAMEWORKS_FOLDER_PATH}/AWSPinpoint.framework",
				"${TARGET_BUILD_DIR}/${FRAMEWORKS_FOLDER_PATH}/AWSUserPoolsSignIn.framework",
			);
			runOnlyForDeploymentPostprocessing = 0;
			shellPath = /bin/sh;
			shellScript = "\"${SRCROOT}/Pods/Target Support Files/Pods-DanceEventManager/Pods-DanceEventManager-frameworks.sh\"\n";
			showEnvVarsInLog = 0;
		};
/* End PBXShellScriptBuildPhase section */

/* Begin PBXSourcesBuildPhase section */
		92756EA520D499D700251C1C /* Sources */ = {
			isa = PBXSourcesBuildPhase;
			buildActionMask = 2147483647;
			files = (
				92625B2A21C1EE9B0081E954 /* Teams.swift in Sources */,
				92E603C020E9ECF700DB0E68 /* VMScheduleGridViewController.swift in Sources */,
				92756EB520D499D700251C1C /* DanceEventManager.xcdatamodeld in Sources */,
				92AA43B4213B26A00048C690 /* UITextField+Custom.swift in Sources */,
				92ED6D8720DDDE0D00BA4E1B /* VMScheduleVC.swift in Sources */,
				92625B2B21C1EE9B0081E954 /* Users.swift in Sources */,
				92AA43AD213B23EB0048C690 /* EventLoaderVC.swift in Sources */,
				9290BAD12172C70D00EEB068 /* EventStorageManager.swift in Sources */,
				9290BAC82171210200EEB068 /* EventsService.swift in Sources */,
				9290BAC4216F1CAD00EEB068 /* AuthService.swift in Sources */,
				92E603E820EB2BCB00DB0E68 /* VMScheduleGridTableViewCell.swift in Sources */,
				9289E52F219002A50049696B /* TeamLoaderVC.swift in Sources */,
				92AA43BA213DBAC40048C690 /* AppletView.swift in Sources */,
				92756EAD20D499D700251C1C /* AppDelegate.swift in Sources */,
				9290BACD2172C5A300EEB068 /* StorageManager.swift in Sources */,
				92898665218690B00062859A /* Events.swift in Sources */,
				92AA43A4213B1BA50048C690 /* Constants.swift in Sources */,
				92CCE90121AA505F0067D06E /* UITableView+Custom.swift in Sources */,
				92AA43B6213B27210048C690 /* CustomPickerView.swift in Sources */,
			);
			runOnlyForDeploymentPostprocessing = 0;
		};
		92756EBC20D499D700251C1C /* Sources */ = {
			isa = PBXSourcesBuildPhase;
			buildActionMask = 2147483647;
			files = (
				92E603C120E9ECF700DB0E68 /* VMScheduleGridViewController.swift in Sources */,
				92AA43B7213B27210048C690 /* CustomPickerView.swift in Sources */,
				9290BAD22172C70D00EEB068 /* EventStorageManager.swift in Sources */,
				9290BACE2172C5A300EEB068 /* StorageManager.swift in Sources */,
				9290BAC5216F1CAD00EEB068 /* AuthService.swift in Sources */,
				92756EC520D499D700251C1C /* DanceEventManagerTests.swift in Sources */,
				9289E530219002A50049696B /* TeamLoaderVC.swift in Sources */,
				92AA43AE213B23EB0048C690 /* EventLoaderVC.swift in Sources */,
				92ED6D8820DDDE0D00BA4E1B /* VMScheduleVC.swift in Sources */,
				9290BAC92171210200EEB068 /* EventsService.swift in Sources */,
				92CCE90221AA505F0067D06E /* UITableView+Custom.swift in Sources */,
				92AA43BB213DBAC40048C690 /* AppletView.swift in Sources */,
				92898666218690B00062859A /* Events.swift in Sources */,
				92E3340B213B074B009D0D62 /* AppDelegate.swift in Sources */,
				92E603E920EB2BCB00DB0E68 /* VMScheduleGridTableViewCell.swift in Sources */,
				92AA43A5213B1BA50048C690 /* Constants.swift in Sources */,
			);
			runOnlyForDeploymentPostprocessing = 0;
		};
		92756EC720D499D700251C1C /* Sources */ = {
			isa = PBXSourcesBuildPhase;
			buildActionMask = 2147483647;
			files = (
				92E603C220E9ECF700DB0E68 /* VMScheduleGridViewController.swift in Sources */,
				92AA43B8213B27210048C690 /* CustomPickerView.swift in Sources */,
				9290BAD32172C70D00EEB068 /* EventStorageManager.swift in Sources */,
				9290BACF2172C5A300EEB068 /* StorageManager.swift in Sources */,
				9290BAC6216F1CAD00EEB068 /* AuthService.swift in Sources */,
				92756ED020D499D700251C1C /* DanceEventManagerUITests.swift in Sources */,
				9289E531219002A50049696B /* TeamLoaderVC.swift in Sources */,
				92AA43AF213B23EB0048C690 /* EventLoaderVC.swift in Sources */,
				92ED6D8920DDDE0D00BA4E1B /* VMScheduleVC.swift in Sources */,
				9290BACA2171210200EEB068 /* EventsService.swift in Sources */,
				92CCE90321AA505F0067D06E /* UITableView+Custom.swift in Sources */,
				92AA43BC213DBAC40048C690 /* AppletView.swift in Sources */,
				92898667218690B00062859A /* Events.swift in Sources */,
				92E3340A213B074B009D0D62 /* AppDelegate.swift in Sources */,
				92E603EA20EB2BCB00DB0E68 /* VMScheduleGridTableViewCell.swift in Sources */,
				92AA43A6213B1BA50048C690 /* Constants.swift in Sources */,
			);
			runOnlyForDeploymentPostprocessing = 0;
		};
/* End PBXSourcesBuildPhase section */

/* Begin PBXTargetDependency section */
		92756EC220D499D700251C1C /* PBXTargetDependency */ = {
			isa = PBXTargetDependency;
			target = 92756EA820D499D700251C1C /* DanceEventManager */;
			targetProxy = 92756EC120D499D700251C1C /* PBXContainerItemProxy */;
		};
		92756ECD20D499D700251C1C /* PBXTargetDependency */ = {
			isa = PBXTargetDependency;
			target = 92756EA820D499D700251C1C /* DanceEventManager */;
			targetProxy = 92756ECC20D499D700251C1C /* PBXContainerItemProxy */;
		};
/* End PBXTargetDependency section */

/* Begin PBXVariantGroup section */
		92756EB020D499D700251C1C /* Main.storyboard */ = {
			isa = PBXVariantGroup;
			children = (
				92756EB120D499D700251C1C /* Base */,
			);
			name = Main.storyboard;
			sourceTree = "<group>";
		};
		92756EB820D499D700251C1C /* LaunchScreen.storyboard */ = {
			isa = PBXVariantGroup;
			children = (
				92756EB920D499D700251C1C /* Base */,
			);
			name = LaunchScreen.storyboard;
			sourceTree = "<group>";
		};
/* End PBXVariantGroup section */

/* Begin XCBuildConfiguration section */
		92756ED220D499D700251C1C /* Debug */ = {
			isa = XCBuildConfiguration;
			buildSettings = {
				ALWAYS_SEARCH_USER_PATHS = NO;
				CLANG_ANALYZER_NONNULL = YES;
				CLANG_ANALYZER_NUMBER_OBJECT_CONVERSION = YES_AGGRESSIVE;
				CLANG_CXX_LANGUAGE_STANDARD = "gnu++14";
				CLANG_CXX_LIBRARY = "libc++";
				CLANG_ENABLE_MODULES = YES;
				CLANG_ENABLE_OBJC_ARC = YES;
				CLANG_WARN_BLOCK_CAPTURE_AUTORELEASING = YES;
				CLANG_WARN_BOOL_CONVERSION = YES;
				CLANG_WARN_COMMA = YES;
				CLANG_WARN_CONSTANT_CONVERSION = YES;
				CLANG_WARN_DIRECT_OBJC_ISA_USAGE = YES_ERROR;
				CLANG_WARN_DOCUMENTATION_COMMENTS = YES;
				CLANG_WARN_EMPTY_BODY = YES;
				CLANG_WARN_ENUM_CONVERSION = YES;
				CLANG_WARN_INFINITE_RECURSION = YES;
				CLANG_WARN_INT_CONVERSION = YES;
				CLANG_WARN_NON_LITERAL_NULL_CONVERSION = YES;
				CLANG_WARN_OBJC_LITERAL_CONVERSION = YES;
				CLANG_WARN_OBJC_ROOT_CLASS = YES_ERROR;
				CLANG_WARN_RANGE_LOOP_ANALYSIS = YES;
				CLANG_WARN_STRICT_PROTOTYPES = YES;
				CLANG_WARN_SUSPICIOUS_MOVE = YES;
				CLANG_WARN_UNGUARDED_AVAILABILITY = YES_AGGRESSIVE;
				CLANG_WARN_UNREACHABLE_CODE = YES;
				CLANG_WARN__DUPLICATE_METHOD_MATCH = YES;
				CODE_SIGN_IDENTITY = "iPhone Developer";
				COPY_PHASE_STRIP = NO;
				DEBUG_INFORMATION_FORMAT = dwarf;
				ENABLE_STRICT_OBJC_MSGSEND = YES;
				ENABLE_TESTABILITY = YES;
				GCC_C_LANGUAGE_STANDARD = gnu11;
				GCC_DYNAMIC_NO_PIC = NO;
				GCC_NO_COMMON_BLOCKS = YES;
				GCC_OPTIMIZATION_LEVEL = 0;
				GCC_PREPROCESSOR_DEFINITIONS = (
					"DEBUG=1",
					"$(inherited)",
				);
				GCC_WARN_64_TO_32_BIT_CONVERSION = YES;
				GCC_WARN_ABOUT_RETURN_TYPE = YES_ERROR;
				GCC_WARN_UNDECLARED_SELECTOR = YES;
				GCC_WARN_UNINITIALIZED_AUTOS = YES_AGGRESSIVE;
				GCC_WARN_UNUSED_FUNCTION = YES;
				GCC_WARN_UNUSED_VARIABLE = YES;
				IPHONEOS_DEPLOYMENT_TARGET = 11.2;
				MTL_ENABLE_DEBUG_INFO = YES;
				ONLY_ACTIVE_ARCH = YES;
				SDKROOT = iphoneos;
				SWIFT_ACTIVE_COMPILATION_CONDITIONS = DEBUG;
				SWIFT_OPTIMIZATION_LEVEL = "-Onone";
				SWIFT_VERSION = 4.0;
			};
			name = Debug;
		};
		92756ED320D499D700251C1C /* Release */ = {
			isa = XCBuildConfiguration;
			buildSettings = {
				ALWAYS_SEARCH_USER_PATHS = NO;
				CLANG_ANALYZER_NONNULL = YES;
				CLANG_ANALYZER_NUMBER_OBJECT_CONVERSION = YES_AGGRESSIVE;
				CLANG_CXX_LANGUAGE_STANDARD = "gnu++14";
				CLANG_CXX_LIBRARY = "libc++";
				CLANG_ENABLE_MODULES = YES;
				CLANG_ENABLE_OBJC_ARC = YES;
				CLANG_WARN_BLOCK_CAPTURE_AUTORELEASING = YES;
				CLANG_WARN_BOOL_CONVERSION = YES;
				CLANG_WARN_COMMA = YES;
				CLANG_WARN_CONSTANT_CONVERSION = YES;
				CLANG_WARN_DIRECT_OBJC_ISA_USAGE = YES_ERROR;
				CLANG_WARN_DOCUMENTATION_COMMENTS = YES;
				CLANG_WARN_EMPTY_BODY = YES;
				CLANG_WARN_ENUM_CONVERSION = YES;
				CLANG_WARN_INFINITE_RECURSION = YES;
				CLANG_WARN_INT_CONVERSION = YES;
				CLANG_WARN_NON_LITERAL_NULL_CONVERSION = YES;
				CLANG_WARN_OBJC_LITERAL_CONVERSION = YES;
				CLANG_WARN_OBJC_ROOT_CLASS = YES_ERROR;
				CLANG_WARN_RANGE_LOOP_ANALYSIS = YES;
				CLANG_WARN_STRICT_PROTOTYPES = YES;
				CLANG_WARN_SUSPICIOUS_MOVE = YES;
				CLANG_WARN_UNGUARDED_AVAILABILITY = YES_AGGRESSIVE;
				CLANG_WARN_UNREACHABLE_CODE = YES;
				CLANG_WARN__DUPLICATE_METHOD_MATCH = YES;
				CODE_SIGN_IDENTITY = "iPhone Developer";
				COPY_PHASE_STRIP = NO;
				DEBUG_INFORMATION_FORMAT = "dwarf-with-dsym";
				ENABLE_NS_ASSERTIONS = NO;
				ENABLE_STRICT_OBJC_MSGSEND = YES;
				GCC_C_LANGUAGE_STANDARD = gnu11;
				GCC_NO_COMMON_BLOCKS = YES;
				GCC_WARN_64_TO_32_BIT_CONVERSION = YES;
				GCC_WARN_ABOUT_RETURN_TYPE = YES_ERROR;
				GCC_WARN_UNDECLARED_SELECTOR = YES;
				GCC_WARN_UNINITIALIZED_AUTOS = YES_AGGRESSIVE;
				GCC_WARN_UNUSED_FUNCTION = YES;
				GCC_WARN_UNUSED_VARIABLE = YES;
				IPHONEOS_DEPLOYMENT_TARGET = 11.2;
				MTL_ENABLE_DEBUG_INFO = NO;
				SDKROOT = iphoneos;
				SWIFT_OPTIMIZATION_LEVEL = "-Owholemodule";
				SWIFT_VERSION = 4.0;
				VALIDATE_PRODUCT = YES;
			};
			name = Release;
		};
		92756ED520D499D700251C1C /* Debug */ = {
			isa = XCBuildConfiguration;
			baseConfigurationReference = 73060E4A00822CF306050EEE /* Pods-DanceEventManager.debug.xcconfig */;
			buildSettings = {
				ASSETCATALOG_COMPILER_APPICON_NAME = AppIcon;
				CODE_SIGN_STYLE = Automatic;
				DEVELOPMENT_TEAM = 8CD362E4H7;
				INFOPLIST_FILE = "$(SRCROOT)/DanceEventManager/Resources/Info.plist";
				LD_RUNPATH_SEARCH_PATHS = "$(inherited) @executable_path/Frameworks";
				PRODUCT_BUNDLE_IDENTIFIER = com.swingaroo2.apps.DanceEventManager;
				PRODUCT_NAME = "$(TARGET_NAME)";
				SWIFT_VERSION = 4.0;
				TARGETED_DEVICE_FAMILY = "1,2";
			};
			name = Debug;
		};
		92756ED620D499D700251C1C /* Release */ = {
			isa = XCBuildConfiguration;
			baseConfigurationReference = 7F0F6A31C57BB4F3061E030B /* Pods-DanceEventManager.release.xcconfig */;
			buildSettings = {
				ASSETCATALOG_COMPILER_APPICON_NAME = AppIcon;
				CODE_SIGN_STYLE = Automatic;
				DEVELOPMENT_TEAM = 8CD362E4H7;
				INFOPLIST_FILE = "$(SRCROOT)/DanceEventManager/Resources/Info.plist";
				LD_RUNPATH_SEARCH_PATHS = "$(inherited) @executable_path/Frameworks";
				PRODUCT_BUNDLE_IDENTIFIER = com.swingaroo2.apps.DanceEventManager;
				PRODUCT_NAME = "$(TARGET_NAME)";
				SWIFT_VERSION = 4.0;
				TARGETED_DEVICE_FAMILY = "1,2";
			};
			name = Release;
		};
		92756ED820D499D700251C1C /* Debug */ = {
			isa = XCBuildConfiguration;
			baseConfigurationReference = 92B8AD1797E5E25F6BE810EB /* Pods-DanceEventManagerTests.debug.xcconfig */;
			buildSettings = {
				ALWAYS_EMBED_SWIFT_STANDARD_LIBRARIES = YES;
				BUNDLE_LOADER = "$(TEST_HOST)";
				CODE_SIGN_STYLE = Automatic;
				DEVELOPMENT_TEAM = 8CD362E4H7;
				INFOPLIST_FILE = DanceEventManagerTests/Info.plist;
				LD_RUNPATH_SEARCH_PATHS = "$(inherited) @executable_path/Frameworks @loader_path/Frameworks";
				PRODUCT_BUNDLE_IDENTIFIER = com.swingaroo2.apps.DanceEventManagerTests;
				PRODUCT_NAME = "$(TARGET_NAME)";
				SWIFT_VERSION = 4.0;
				TARGETED_DEVICE_FAMILY = "1,2";
				TEST_HOST = "$(BUILT_PRODUCTS_DIR)/DanceEventManager.app/DanceEventManager";
			};
			name = Debug;
		};
		92756ED920D499D700251C1C /* Release */ = {
			isa = XCBuildConfiguration;
			baseConfigurationReference = 1E05601B0FFB0EBCDB4B9C37 /* Pods-DanceEventManagerTests.release.xcconfig */;
			buildSettings = {
				ALWAYS_EMBED_SWIFT_STANDARD_LIBRARIES = YES;
				BUNDLE_LOADER = "$(TEST_HOST)";
				CODE_SIGN_STYLE = Automatic;
				DEVELOPMENT_TEAM = 8CD362E4H7;
				INFOPLIST_FILE = DanceEventManagerTests/Info.plist;
				LD_RUNPATH_SEARCH_PATHS = "$(inherited) @executable_path/Frameworks @loader_path/Frameworks";
				PRODUCT_BUNDLE_IDENTIFIER = com.swingaroo2.apps.DanceEventManagerTests;
				PRODUCT_NAME = "$(TARGET_NAME)";
				SWIFT_VERSION = 4.0;
				TARGETED_DEVICE_FAMILY = "1,2";
				TEST_HOST = "$(BUILT_PRODUCTS_DIR)/DanceEventManager.app/DanceEventManager";
			};
			name = Release;
		};
		92756EDB20D499D700251C1C /* Debug */ = {
			isa = XCBuildConfiguration;
			baseConfigurationReference = 76219BEF548FAC849F0034C1 /* Pods-DanceEventManagerUITests.debug.xcconfig */;
			buildSettings = {
				ALWAYS_EMBED_SWIFT_STANDARD_LIBRARIES = YES;
				CODE_SIGN_STYLE = Automatic;
				DEVELOPMENT_TEAM = 8CD362E4H7;
				INFOPLIST_FILE = DanceEventManagerUITests/Info.plist;
				LD_RUNPATH_SEARCH_PATHS = "$(inherited) @executable_path/Frameworks @loader_path/Frameworks";
				PRODUCT_BUNDLE_IDENTIFIER = com.swingaroo2.apps.DanceEventManagerUITests;
				PRODUCT_NAME = "$(TARGET_NAME)";
				SWIFT_VERSION = 4.0;
				TARGETED_DEVICE_FAMILY = "1,2";
				TEST_TARGET_NAME = DanceEventManager;
			};
			name = Debug;
		};
		92756EDC20D499D700251C1C /* Release */ = {
			isa = XCBuildConfiguration;
			baseConfigurationReference = C3EF5C35290EA2CD79F7B903 /* Pods-DanceEventManagerUITests.release.xcconfig */;
			buildSettings = {
				ALWAYS_EMBED_SWIFT_STANDARD_LIBRARIES = YES;
				CODE_SIGN_STYLE = Automatic;
				DEVELOPMENT_TEAM = 8CD362E4H7;
				INFOPLIST_FILE = DanceEventManagerUITests/Info.plist;
				LD_RUNPATH_SEARCH_PATHS = "$(inherited) @executable_path/Frameworks @loader_path/Frameworks";
				PRODUCT_BUNDLE_IDENTIFIER = com.swingaroo2.apps.DanceEventManagerUITests;
				PRODUCT_NAME = "$(TARGET_NAME)";
				SWIFT_VERSION = 4.0;
				TARGETED_DEVICE_FAMILY = "1,2";
				TEST_TARGET_NAME = DanceEventManager;
			};
			name = Release;
		};
/* End XCBuildConfiguration section */

/* Begin XCConfigurationList section */
		92756EA420D499D700251C1C /* Build configuration list for PBXProject "DanceEventManager" */ = {
			isa = XCConfigurationList;
			buildConfigurations = (
				92756ED220D499D700251C1C /* Debug */,
				92756ED320D499D700251C1C /* Release */,
			);
			defaultConfigurationIsVisible = 0;
			defaultConfigurationName = Release;
		};
		92756ED420D499D700251C1C /* Build configuration list for PBXNativeTarget "DanceEventManager" */ = {
			isa = XCConfigurationList;
			buildConfigurations = (
				92756ED520D499D700251C1C /* Debug */,
				92756ED620D499D700251C1C /* Release */,
			);
			defaultConfigurationIsVisible = 0;
			defaultConfigurationName = Release;
		};
		92756ED720D499D700251C1C /* Build configuration list for PBXNativeTarget "DanceEventManagerTests" */ = {
			isa = XCConfigurationList;
			buildConfigurations = (
				92756ED820D499D700251C1C /* Debug */,
				92756ED920D499D700251C1C /* Release */,
			);
			defaultConfigurationIsVisible = 0;
			defaultConfigurationName = Release;
		};
		92756EDA20D499D700251C1C /* Build configuration list for PBXNativeTarget "DanceEventManagerUITests" */ = {
			isa = XCConfigurationList;
			buildConfigurations = (
				92756EDB20D499D700251C1C /* Debug */,
				92756EDC20D499D700251C1C /* Release */,
			);
			defaultConfigurationIsVisible = 0;
			defaultConfigurationName = Release;
		};
/* End XCConfigurationList section */

/* Begin XCVersionGroup section */
		92756EB320D499D700251C1C /* DanceEventManager.xcdatamodeld */ = {
			isa = XCVersionGroup;
			children = (
				92756EB420D499D700251C1C /* DanceEventManager.xcdatamodel */,
			);
			currentVersion = 92756EB420D499D700251C1C /* DanceEventManager.xcdatamodel */;
			path = DanceEventManager.xcdatamodeld;
			sourceTree = "<group>";
			versionGroupType = wrapper.xcdatamodel;
		};
/* End XCVersionGroup section */
	};
	rootObject = 92756EA120D499D700251C1C /* Project object */;
}
